{
  "requires": true,
  "lockfileVersion": 1,
  "dependencies": {
    "hyperapp": {
      "version": "1.2.9",
      "resolved": "https://registry.npmjs.org/hyperapp/-/hyperapp-1.2.9.tgz",
      "integrity": "sha512-bIzi12am7pyQ5nc2qnQpN6GWonjdJp+AghY7j9H9L0vccM1OQ3Cqn13cZlmS9KYm91Nf9fwF4KjvbQekFBxHVw=="
    },
    "prettier": {
      "version": "1.14.2",
      "resolved": "https://registry.npmjs.org/prettier/-/prettier-1.14.2.tgz",
      "integrity": "sha512-McHPg0n1pIke+A/4VcaS2en+pTNjy4xF+Uuq86u/5dyDO59/TtFZtQ708QIRkEZ3qwKz3GVkVa6mpxK/CpB8Rg=="
    }
  }
}
